// !$*UTF8*$!
{
	archiveVersion = 1;
	classes = {
	};
	objectVersion = 50;
	objects = {

/* Begin PBXBuildFile section */
		524E3F42215F622000E2B598 /* Robot.cpp in Sources */ = {isa = PBXBuildFile; fileRef = 524E3F40215F622000E2B598 /* Robot.cpp */; };
		524E3F45215F632100E2B598 /* Archer.cpp in Sources */ = {isa = PBXBuildFile; fileRef = 524E3F43215F632100E2B598 /* Archer.cpp */; };
		524E3F48215F63B500E2B598 /* Cleric.cpp in Sources */ = {isa = PBXBuildFile; fileRef = 524E3F46215F63B500E2B598 /* Cleric.cpp */; };
		5281E8352155B38400F78842 /* main.cpp in Sources */ = {isa = PBXBuildFile; fileRef = 5281E8342155B38400F78842 /* main.cpp */; };
		5281E8512155B5C100F78842 /* Arena.cpp in Sources */ = {isa = PBXBuildFile; fileRef = 5281E84F2155B5C100F78842 /* Arena.cpp */; };
		5281E8542155B7A000F78842 /* Fighter.cpp in Sources */ = {isa = PBXBuildFile; fileRef = 5281E8522155B7A000F78842 /* Fighter.cpp */; };
/* End PBXBuildFile section */

/* Begin PBXCopyFilesBuildPhase section */
		5281E82F2155B38400F78842 /* CopyFiles */ = {
			isa = PBXCopyFilesBuildPhase;
			buildActionMask = 2147483647;
			dstPath = /usr/share/man/man1/;
			dstSubfolderSpec = 0;
			files = (
			);
			runOnlyForDeploymentPostprocessing = 1;
		};
/* End PBXCopyFilesBuildPhase section */

/* Begin PBXFileReference section */
		524E3F40215F622000E2B598 /* Robot.cpp */ = {isa = PBXFileReference; lastKnownFileType = sourcecode.cpp.cpp; path = Robot.cpp; sourceTree = "<group>"; };
		524E3F41215F622000E2B598 /* Robot.h */ = {isa = PBXFileReference; lastKnownFileType = sourcecode.c.h; path = Robot.h; sourceTree = "<group>"; };
		524E3F43215F632100E2B598 /* Archer.cpp */ = {isa = PBXFileReference; lastKnownFileType = sourcecode.cpp.cpp; path = Archer.cpp; sourceTree = "<group>"; };
		524E3F44215F632100E2B598 /* Archer.h */ = {isa = PBXFileReference; lastKnownFileType = sourcecode.c.h; path = Archer.h; sourceTree = "<group>"; };
		524E3F46215F63B500E2B598 /* Cleric.cpp */ = {isa = PBXFileReference; lastKnownFileType = sourcecode.cpp.cpp; path = Cleric.cpp; sourceTree = "<group>"; };
		524E3F47215F63B500E2B598 /* Cleric.h */ = {isa = PBXFileReference; lastKnownFileType = sourcecode.c.h; path = Cleric.h; sourceTree = "<group>"; };
		5281E8312155B38400F78842 /* Lab-1-RPG */ = {isa = PBXFileReference; explicitFileType = "compiled.mach-o.executable"; includeInIndex = 0; path = "Lab-1-RPG"; sourceTree = BUILT_PRODUCTS_DIR; };
		5281E8342155B38400F78842 /* main.cpp */ = {isa = PBXFileReference; lastKnownFileType = sourcecode.cpp.cpp; path = main.cpp; sourceTree = "<group>"; };
		5281E83B2155B3D400F78842 /* file5.txt */ = {isa = PBXFileReference; fileEncoding = 4; lastKnownFileType = text; path = file5.txt; sourceTree = "<group>"; };
		5281E83C2155B3D400F78842 /* file1.txt */ = {isa = PBXFileReference; fileEncoding = 4; lastKnownFileType = text; path = file1.txt; sourceTree = "<group>"; };
		5281E83D2155B3D400F78842 /* file4.txt */ = {isa = PBXFileReference; fileEncoding = 4; lastKnownFileType = text; path = file4.txt; sourceTree = "<group>"; };
		5281E83E2155B3D400F78842 /* key_file4.txt */ = {isa = PBXFileReference; fileEncoding = 4; lastKnownFileType = text; path = key_file4.txt; sourceTree = "<group>"; };
		5281E83F2155B3D500F78842 /* key_file5.txt */ = {isa = PBXFileReference; fileEncoding = 4; lastKnownFileType = text; path = key_file5.txt; sourceTree = "<group>"; };
		5281E8402155B3D500F78842 /* key_file2.txt */ = {isa = PBXFileReference; fileEncoding = 4; lastKnownFileType = text; path = key_file2.txt; sourceTree = "<group>"; };
		5281E8412155B3D500F78842 /* Files with Windows Line Endings */ = {isa = PBXFileReference; lastKnownFileType = folder; path = "Files with Windows Line Endings"; sourceTree = "<group>"; };
		5281E8422155B3D500F78842 /* FighterInterface.h */ = {isa = PBXFileReference; fileEncoding = 4; lastKnownFileType = sourcecode.c.h; path = FighterInterface.h; sourceTree = "<group>"; };
		5281E8432155B3D500F78842 /* key_file3.txt */ = {isa = PBXFileReference; fileEncoding = 4; lastKnownFileType = text; path = key_file3.txt; sourceTree = "<group>"; };
		5281E8442155B3D500F78842 /* key_file1.txt */ = {isa = PBXFileReference; fileEncoding = 4; lastKnownFileType = text; path = key_file1.txt; sourceTree = "<group>"; };
		5281E8452155B3D500F78842 /* file2.txt */ = {isa = PBXFileReference; fileEncoding = 4; lastKnownFileType = text; path = file2.txt; sourceTree = "<group>"; };
		5281E8462155B3D500F78842 /* file3.txt */ = {isa = PBXFileReference; fileEncoding = 4; lastKnownFileType = text; path = file3.txt; sourceTree = "<group>"; };
		5281E8472155B3D500F78842 /* README.md */ = {isa = PBXFileReference; fileEncoding = 4; lastKnownFileType = net.daringfireball.markdown; path = README.md; sourceTree = "<group>"; };
		5281E8482155B3D500F78842 /* ArenaInterface.h */ = {isa = PBXFileReference; fileEncoding = 4; lastKnownFileType = sourcecode.c.h; path = ArenaInterface.h; sourceTree = "<group>"; };
		5281E84F2155B5C100F78842 /* Arena.cpp */ = {isa = PBXFileReference; lastKnownFileType = sourcecode.cpp.cpp; path = Arena.cpp; sourceTree = "<group>"; };
		5281E8502155B5C100F78842 /* Arena.h */ = {isa = PBXFileReference; lastKnownFileType = sourcecode.c.h; path = Arena.h; sourceTree = "<group>"; };
		5281E8522155B7A000F78842 /* Fighter.cpp */ = {isa = PBXFileReference; lastKnownFileType = sourcecode.cpp.cpp; path = Fighter.cpp; sourceTree = "<group>"; };
		5281E8532155B7A000F78842 /* Fighter.h */ = {isa = PBXFileReference; lastKnownFileType = sourcecode.c.h; path = Fighter.h; sourceTree = "<group>"; };
/* End PBXFileReference section */

/* Begin PBXFrameworksBuildPhase section */
		5281E82E2155B38400F78842 /* Frameworks */ = {
			isa = PBXFrameworksBuildPhase;
			buildActionMask = 2147483647;
			files = (
			);
			runOnlyForDeploymentPostprocessing = 0;
		};
/* End PBXFrameworksBuildPhase section */

/* Begin PBXGroup section */
		5281E8282155B38300F78842 = {
			isa = PBXGroup;
			children = (
				5281E8332155B38400F78842 /* Lab-1-RPG */,
				5281E8322155B38400F78842 /* Products */,
			);
			sourceTree = "<group>";
		};
		5281E8322155B38400F78842 /* Products */ = {
			isa = PBXGroup;
			children = (
				5281E8312155B38400F78842 /* Lab-1-RPG */,
			);
			name = Products;
			sourceTree = "<group>";
		};
		5281E8332155B38400F78842 /* Lab-1-RPG */ = {
			isa = PBXGroup;
			children = (
				5281E8482155B3D500F78842 /* ArenaInterface.h */,
				5281E8422155B3D500F78842 /* FighterInterface.h */,
				5281E83C2155B3D400F78842 /* file1.txt */,
				5281E8452155B3D500F78842 /* file2.txt */,
				5281E8462155B3D500F78842 /* file3.txt */,
				5281E83D2155B3D400F78842 /* file4.txt */,
				5281E83B2155B3D400F78842 /* file5.txt */,
				5281E8412155B3D500F78842 /* Files with Windows Line Endings */,
				5281E8442155B3D500F78842 /* key_file1.txt */,
				5281E8402155B3D500F78842 /* key_file2.txt */,
				5281E8432155B3D500F78842 /* key_file3.txt */,
				5281E83E2155B3D400F78842 /* key_file4.txt */,
				5281E83F2155B3D500F78842 /* key_file5.txt */,
				5281E8472155B3D500F78842 /* README.md */,
				5281E8342155B38400F78842 /* main.cpp */,
				5281E84F2155B5C100F78842 /* Arena.cpp */,
				5281E8502155B5C100F78842 /* Arena.h */,
				5281E8522155B7A000F78842 /* Fighter.cpp */,
				5281E8532155B7A000F78842 /* Fighter.h */,
				524E3F40215F622000E2B598 /* Robot.cpp */,
				524E3F41215F622000E2B598 /* Robot.h */,
				524E3F43215F632100E2B598 /* Archer.cpp */,
				524E3F44215F632100E2B598 /* Archer.h */,
				524E3F46215F63B500E2B598 /* Cleric.cpp */,
				524E3F47215F63B500E2B598 /* Cleric.h */,
			);
			path = "Lab-1-RPG";
			sourceTree = "<group>";
		};
/* End PBXGroup section */

/* Begin PBXNativeTarget section */
		5281E8302155B38400F78842 /* Lab-1-RPG */ = {
			isa = PBXNativeTarget;
			buildConfigurationList = 5281E8382155B38400F78842 /* Build configuration list for PBXNativeTarget "Lab-1-RPG" */;
			buildPhases = (
				5281E82D2155B38400F78842 /* Sources */,
				5281E82E2155B38400F78842 /* Frameworks */,
				5281E82F2155B38400F78842 /* CopyFiles */,
			);
			buildRules = (
			);
			dependencies = (
			);
			name = "Lab-1-RPG";
			productName = "Lab-1-RPG";
			productReference = 5281E8312155B38400F78842 /* Lab-1-RPG */;
			productType = "com.apple.product-type.tool";
		};
/* End PBXNativeTarget section */

/* Begin PBXProject section */
		5281E8292155B38300F78842 /* Project object */ = {
			isa = PBXProject;
			attributes = {
				LastUpgradeCheck = 1000;
				ORGANIZATIONNAME = Koti;
				TargetAttributes = {
					5281E8302155B38400F78842 = {
						CreatedOnToolsVersion = 10.0;
					};
				};
			};
			buildConfigurationList = 5281E82C2155B38400F78842 /* Build configuration list for PBXProject "Lab-1-RPG" */;
			compatibilityVersion = "Xcode 9.3";
			developmentRegion = en;
			hasScannedForEncodings = 0;
			knownRegions = (
				en,
			);
			mainGroup = 5281E8282155B38300F78842;
			productRefGroup = 5281E8322155B38400F78842 /* Products */;
			projectDirPath = "";
			projectRoot = "";
			targets = (
				5281E8302155B38400F78842 /* Lab-1-RPG */,
			);
		};
/* End PBXProject section */

/* Begin PBXSourcesBuildPhase section */
		5281E82D2155B38400F78842 /* Sources */ = {
			isa = PBXSourcesBuildPhase;
			buildActionMask = 2147483647;
			files = (
				524E3F45215F632100E2B598 /* Archer.cpp in Sources */,
				524E3F42215F622000E2B598 /* Robot.cpp in Sources */,
				5281E8542155B7A000F78842 /* Fighter.cpp in Sources */,
				524E3F48215F63B500E2B598 /* Cleric.cpp in Sources */,
				5281E8352155B38400F78842 /* main.cpp in Sources */,
				5281E8512155B5C100F78842 /* Arena.cpp in Sources */,
			);
			runOnlyForDeploymentPostprocessing = 0;
		};
/* End PBXSourcesBuildPhase section */

/* Begin XCBuildConfiguration section */
		5281E8362155B38400F78842 /* Debug */ = {
			isa = XCBuildConfiguration;
			buildSettings = {
				ALWAYS_SEARCH_USER_PATHS = NO;
				CLANG_ANALYZER_NONNULL = YES;
				CLANG_ANALYZER_NUMBER_OBJECT_CONVERSION = YES_AGGRESSIVE;
				CLANG_CXX_LANGUAGE_STANDARD = "gnu++14";
				CLANG_CXX_LIBRARY = "libc++";
				CLANG_ENABLE_MODULES = YES;
				CLANG_ENABLE_OBJC_ARC = YES;
				CLANG_ENABLE_OBJC_WEAK = YES;
				CLANG_WARN_BLOCK_CAPTURE_AUTORELEASING = YES;
				CLANG_WARN_BOOL_CONVERSION = YES;
				CLANG_WARN_COMMA = YES;
				CLANG_WARN_CONSTANT_CONVERSION = YES;
				CLANG_WARN_DEPRECATED_OBJC_IMPLEMENTATIONS = YES;
				CLANG_WARN_DIRECT_OBJC_ISA_USAGE = YES_ERROR;
				CLANG_WARN_DOCUMENTATION_COMMENTS = YES;
				CLANG_WARN_EMPTY_BODY = YES;
				CLANG_WARN_ENUM_CONVERSION = YES;
				CLANG_WARN_INFINITE_RECURSION = YES;
				CLANG_WARN_INT_CONVERSION = YES;
				CLANG_WARN_NON_LITERAL_NULL_CONVERSION = YES;
				CLANG_WARN_OBJC_IMPLICIT_RETAIN_SELF = YES;
				CLANG_WARN_OBJC_LITERAL_CONVERSION = YES;
				CLANG_WARN_OBJC_ROOT_CLASS = YES_ERROR;
				CLANG_WARN_RANGE_LOOP_ANALYSIS = YES;
				CLANG_WARN_STRICT_PROTOTYPES = YES;
				CLANG_WARN_SUSPICIOUS_MOVE = YES;
				CLANG_WARN_UNGUARDED_AVAILABILITY = YES_AGGRESSIVE;
				CLANG_WARN_UNREACHABLE_CODE = YES;
				CLANG_WARN__DUPLICATE_METHOD_MATCH = YES;
				CODE_SIGN_IDENTITY = "-";
				COPY_PHASE_STRIP = NO;
				DEBUG_INFORMATION_FORMAT = dwarf;
				ENABLE_STRICT_OBJC_MSGSEND = YES;
				ENABLE_TESTABILITY = YES;
				GCC_C_LANGUAGE_STANDARD = gnu11;
				GCC_DYNAMIC_NO_PIC = NO;
				GCC_NO_COMMON_BLOCKS = YES;
				GCC_OPTIMIZATION_LEVEL = 0;
				GCC_PREPROCESSOR_DEFINITIONS = (
					"DEBUG=1",
					"$(inherited)",
				);
				GCC_WARN_64_TO_32_BIT_CONVERSION = YES;
				GCC_WARN_ABOUT_RETURN_TYPE = YES_ERROR;
				GCC_WARN_UNDECLARED_SELECTOR = YES;
				GCC_WARN_UNINITIALIZED_AUTOS = YES_AGGRESSIVE;
				GCC_WARN_UNUSED_FUNCTION = YES;
				GCC_WARN_UNUSED_VARIABLE = YES;
				MACOSX_DEPLOYMENT_TARGET = 10.13;
				MTL_ENABLE_DEBUG_INFO = INCLUDE_SOURCE;
				MTL_FAST_MATH = YES;
				ONLY_ACTIVE_ARCH = YES;
				SDKROOT = macosx;
			};
			name = Debug;
		};
		5281E8372155B38400F78842 /* Release */ = {
			isa = XCBuildConfiguration;
			buildSettings = {
				ALWAYS_SEARCH_USER_PATHS = NO;
				CLANG_ANALYZER_NONNULL = YES;
				CLANG_ANALYZER_NUMBER_OBJECT_CONVERSION = YES_AGGRESSIVE;
				CLANG_CXX_LANGUAGE_STANDARD = "gnu++14";
				CLANG_CXX_LIBRARY = "libc++";
				CLANG_ENABLE_MODULES = YES;
				CLANG_ENABLE_OBJC_ARC = YES;
				CLANG_ENABLE_OBJC_WEAK = YES;
				CLANG_WARN_BLOCK_CAPTURE_AUTORELEASING = YES;
				CLANG_WARN_BOOL_CONVERSION = YES;
				CLANG_WARN_COMMA = YES;
				CLANG_WARN_CONSTANT_CONVERSION = YES;
				CLANG_WARN_DEPRECATED_OBJC_IMPLEMENTATIONS = YES;
				CLANG_WARN_DIRECT_OBJC_ISA_USAGE = YES_ERROR;
				CLANG_WARN_DOCUMENTATION_COMMENTS = YES;
				CLANG_WARN_EMPTY_BODY = YES;
				CLANG_WARN_ENUM_CONVERSION = YES;
				CLANG_WARN_INFINITE_RECURSION = YES;
				CLANG_WARN_INT_CONVERSION = YES;
				CLANG_WARN_NON_LITERAL_NULL_CONVERSION = YES;
				CLANG_WARN_OBJC_IMPLICIT_RETAIN_SELF = YES;
				CLANG_WARN_OBJC_LITERAL_CONVERSION = YES;
				CLANG_WARN_OBJC_ROOT_CLASS = YES_ERROR;
				CLANG_WARN_RANGE_LOOP_ANALYSIS = YES;
				CLANG_WARN_STRICT_PROTOTYPES = YES;
				CLANG_WARN_SUSPICIOUS_MOVE = YES;
				CLANG_WARN_UNGUARDED_AVAILABILITY = YES_AGGRESSIVE;
				CLANG_WARN_UNREACHABLE_CODE = YES;
				CLANG_WARN__DUPLICATE_METHOD_MATCH = YES;
				CODE_SIGN_IDENTITY = "-";
				COPY_PHASE_STRIP = NO;
				DEBUG_INFORMATION_FORMAT = "dwarf-with-dsym";
				ENABLE_NS_ASSERTIONS = NO;
				ENABLE_STRICT_OBJC_MSGSEND = YES;
				GCC_C_LANGUAGE_STANDARD = gnu11;
				GCC_NO_COMMON_BLOCKS = YES;
				GCC_WARN_64_TO_32_BIT_CONVERSION = YES;
				GCC_WARN_ABOUT_RETURN_TYPE = YES_ERROR;
				GCC_WARN_UNDECLARED_SELECTOR = YES;
				GCC_WARN_UNINITIALIZED_AUTOS = YES_AGGRESSIVE;
				GCC_WARN_UNUSED_FUNCTION = YES;
				GCC_WARN_UNUSED_VARIABLE = YES;
				MACOSX_DEPLOYMENT_TARGET = 10.13;
				MTL_ENABLE_DEBUG_INFO = NO;
				MTL_FAST_MATH = YES;
				SDKROOT = macosx;
			};
			name = Release;
		};
		5281E8392155B38400F78842 /* Debug */ = {
			isa = XCBuildConfiguration;
			buildSettings = {
				CODE_SIGN_STYLE = Automatic;
				PRODUCT_NAME = "$(TARGET_NAME)";
			};
			name = Debug;
		};
		5281E83A2155B38400F78842 /* Release */ = {
			isa = XCBuildConfiguration;
			buildSettings = {
				CODE_SIGN_STYLE = Automatic;
				PRODUCT_NAME = "$(TARGET_NAME)";
			};
			name = Release;
		};
/* End XCBuildConfiguration section */

/* Begin XCConfigurationList section */
		5281E82C2155B38400F78842 /* Build configuration list for PBXProject "Lab-1-RPG" */ = {
			isa = XCConfigurationList;
			buildConfigurations = (
				5281E8362155B38400F78842 /* Debug */,
				5281E8372155B38400F78842 /* Release */,
			);
			defaultConfigurationIsVisible = 0;
			defaultConfigurationName = Release;
		};
		5281E8382155B38400F78842 /* Build configuration list for PBXNativeTarget "Lab-1-RPG" */ = {
			isa = XCConfigurationList;
			buildConfigurations = (
				5281E8392155B38400F78842 /* Debug */,
				5281E83A2155B38400F78842 /* Release */,
			);
			defaultConfigurationIsVisible = 0;
			defaultConfigurationName = Release;
		};
/* End XCConfigurationList section */
	};
	rootObject = 5281E8292155B38300F78842 /* Project object */;
}
